
Microsoft Visual Studio Solution File, Format Version 12.00
# Visual Studio Version 17
VisualStudioVersion = 17.6.33712.159
MinimumVisualStudioVersion = 10.0.40219.1
Project("{9A19103F-16F7-4668-BE54-9A1E7A4F7556}") = "ConsoleApp", "ConsoleApp\ConsoleApp.csproj", "{294CC53A-4815-46A8-A4D5-2AF136E33559}"
EndProject
Project("{FAE04EC0-301F-11D3-BF4B-00C04F79EFBC}") = "TestProject1", "TestProject1\TestProject1.csproj", "{AB697B6C-E1B2-43E0-AB10-6FF150CB7273}"
EndProject
Global
	GlobalSection(SolutionConfigurationPlatforms) = preSolution
		Debug|Any CPU = Debug|Any CPU
		Release|Any CPU = Release|Any CPU
	EndGlobalSection
	GlobalSection(ProjectConfigurationPlatforms) = postSolution
		{294CC53A-4815-46A8-A4D5-2AF136E33559}.Debug|Any CPU.ActiveCfg = Debug|Any CPU
		{294CC53A-4815-46A8-A4D5-2AF136E33559}.Debug|Any CPU.Build.0 = Debug|Any CPU
		{294CC53A-4815-46A8-A4D5-2AF136E33559}.Release|Any CPU.ActiveCfg = Release|Any CPU
		{294CC53A-4815-46A8-A4D5-2AF136E33559}.Release|Any CPU.Build.0 = Release|Any CPU
		{AB697B6C-E1B2-43E0-AB10-6FF150CB7273}.Debug|Any CPU.ActiveCfg = Debug|Any CPU
		{AB697B6C-E1B2-43E0-AB10-6FF150CB7273}.Debug|Any CPU.Build.0 = Debug|Any CPU
		{AB697B6C-E1B2-43E0-AB10-6FF150CB7273}.Release|Any CPU.ActiveCfg = Release|Any CPU
		{AB697B6C-E1B2-43E0-AB10-6FF150CB7273}.Release|Any CPU.Build.0 = Release|Any CPU
	EndGlobalSection
	GlobalSection(SolutionProperties) = preSolution
		HideSolutionNode = FALSE
	EndGlobalSection
	GlobalSection(ExtensibilityGlobals) = postSolution
		SolutionGuid = {749ACB03-07A9-44A9-BCA5-6419424AEF3B}
	EndGlobalSection
EndGlobal
